// !$*UTF8*$!
{
	archiveVersion = 1;
	classes = {
	};
	objectVersion = 46;
	objects = {

/* Begin PBXBuildFile section */
		18352A7211CFE5A30089BE2C /* background.m4a in Resources */ = {isa = PBXBuildFile; fileRef = 18352A7011CFE5A30089BE2C /* background.m4a */; };
		18352A7311CFE5A30089BE2C /* sound.caf in Resources */ = {isa = PBXBuildFile; fileRef = 18352A7111CFE5A30089BE2C /* sound.caf */; };
		18352A7F11CFE5AA0089BE2C /* instructions.png in Resources */ = {isa = PBXBuildFile; fileRef = 18352A7611CFE5AA0089BE2C /* instructions.png */; };
		18352A8011CFE5AA0089BE2C /* listener.png in Resources */ = {isa = PBXBuildFile; fileRef = 18352A7711CFE5AA0089BE2C /* listener.png */; };
		18352A8111CFE5AA0089BE2C /* pause.png in Resources */ = {isa = PBXBuildFile; fileRef = 18352A7811CFE5AA0089BE2C /* pause.png */; };
		18352A8211CFE5AA0089BE2C /* play.png in Resources */ = {isa = PBXBuildFile; fileRef = 18352A7911CFE5AA0089BE2C /* play.png */; };
		18352A8311CFE5AA0089BE2C /* speaker_off.png in Resources */ = {isa = PBXBuildFile; fileRef = 18352A7A11CFE5AA0089BE2C /* speaker_off.png */; };
		18352A8411CFE5AA0089BE2C /* speaker_on.png in Resources */ = {isa = PBXBuildFile; fileRef = 18352A7B11CFE5AA0089BE2C /* speaker_on.png */; };
		18352A8511CFE5AA0089BE2C /* stagebg.png in Resources */ = {isa = PBXBuildFile; fileRef = 18352A7C11CFE5AA0089BE2C /* stagebg.png */; };
		18352A9911CFE75F0089BE2C /* MainWindow.xib in Resources */ = {isa = PBXBuildFile; fileRef = 18352A9711CFE75F0089BE2C /* MainWindow.xib */; };
		1D3623EC0D0F72F000981E51 /* CoreGraphics.framework in Frameworks */ = {isa = PBXBuildFile; fileRef = 1D3623EB0D0F72F000981E51 /* CoreGraphics.framework */; };
		1D60589F0D05DD5A006BFB54 /* Foundation.framework in Frameworks */ = {isa = PBXBuildFile; fileRef = 1D30AB110D05D00D00671497 /* Foundation.framework */; };
		1DF5F4E00D08C38300B7A737 /* UIKit.framework in Frameworks */ = {isa = PBXBuildFile; fileRef = 1DF5F4DF0D08C38300B7A737 /* UIKit.framework */; };
		2BB36A331B0D46180043A751 /* Images.xcassets in Resources */ = {isa = PBXBuildFile; fileRef = 2BB36A321B0D46180043A751 /* Images.xcassets */; };
		2BC80B8A1B0ABD2600010E33 /* CoreMotion.framework in Frameworks */ = {isa = PBXBuildFile; fileRef = 2BC80B891B0ABD2600010E33 /* CoreMotion.framework */; };
		A192CF1A0DDBB6C900D03FCA /* AudioToolbox.framework in Frameworks */ = {isa = PBXBuildFile; fileRef = A192CF190DDBB6C900D03FCA /* AudioToolbox.framework */; };
		A192CF1E0DDBB6D400D03FCA /* OpenAL.framework in Frameworks */ = {isa = PBXBuildFile; fileRef = A192CF1D0DDBB6D400D03FCA /* OpenAL.framework */; };
		A1E88B190DDCA844008449A6 /* QuartzCore.framework in Frameworks */ = {isa = PBXBuildFile; fileRef = A1E88B180DDCA844008449A6 /* QuartzCore.framework */; };
		D71FD3B21F086D20003B7639 /* MyOpenALSupport.swift in Sources */ = {isa = PBXBuildFile; fileRef = D76036CE1B401CE60041DA69 /* MyOpenALSupport.swift */; };
		D71FD3B31F086D23003B7639 /* oalPlayback.swift in Sources */ = {isa = PBXBuildFile; fileRef = D76036CF1B401CE60041DA69 /* oalPlayback.swift */; };
		D71FD3B41F086D27003B7639 /* oalSpatialView.swift in Sources */ = {isa = PBXBuildFile; fileRef = D76036D01B401CE60041DA69 /* oalSpatialView.swift */; };
		D71FD3B51F086D2A003B7639 /* oalTouchAppDelegate.swift in Sources */ = {isa = PBXBuildFile; fileRef = D76036D11B401CE60041DA69 /* oalTouchAppDelegate.swift */; };
		D749911C1BCA516300350EC1 /* LaunchScreen.storyboard in Resources */ = {isa = PBXBuildFile; fileRef = D749911A1BCA516300350EC1 /* LaunchScreen.storyboard */; };
		D76036D81B4023C90041DA69 /* NumTypes+Conversion.swift in Sources */ = {isa = PBXBuildFile; fileRef = D76036D71B4023C90041DA69 /* NumTypes+Conversion.swift */; };
		F78602FE0DF86FCD00A013EA /* MediaPlayer.framework in Frameworks */ = {isa = PBXBuildFile; fileRef = F78602FD0DF86FCD00A013EA /* MediaPlayer.framework */; };
		F79D54850FC4B9A500350F08 /* AVFoundation.framework in Frameworks */ = {isa = PBXBuildFile; fileRef = F79D54840FC4B9A500350F08 /* AVFoundation.framework */; };
/* End PBXBuildFile section */

/* Begin PBXFileReference section */
		18352A7011CFE5A30089BE2C /* background.m4a */ = {isa = PBXFileReference; lastKnownFileType = file; path = background.m4a; sourceTree = "<group>"; };
		18352A7111CFE5A30089BE2C /* sound.caf */ = {isa = PBXFileReference; lastKnownFileType = file; path = sound.caf; sourceTree = "<group>"; };
		18352A7611CFE5AA0089BE2C /* instructions.png */ = {isa = PBXFileReference; lastKnownFileType = image.png; name = instructions.png; path = images/instructions.png; sourceTree = "<group>"; };
		18352A7711CFE5AA0089BE2C /* listener.png */ = {isa = PBXFileReference; lastKnownFileType = image.png; name = listener.png; path = images/listener.png; sourceTree = "<group>"; };
		18352A7811CFE5AA0089BE2C /* pause.png */ = {isa = PBXFileReference; lastKnownFileType = image.png; name = pause.png; path = images/pause.png; sourceTree = "<group>"; };
		18352A7911CFE5AA0089BE2C /* play.png */ = {isa = PBXFileReference; lastKnownFileType = image.png; name = play.png; path = images/play.png; sourceTree = "<group>"; };
		18352A7A11CFE5AA0089BE2C /* speaker_off.png */ = {isa = PBXFileReference; lastKnownFileType = image.png; name = speaker_off.png; path = images/speaker_off.png; sourceTree = "<group>"; };
		18352A7B11CFE5AA0089BE2C /* speaker_on.png */ = {isa = PBXFileReference; lastKnownFileType = image.png; name = speaker_on.png; path = images/speaker_on.png; sourceTree = "<group>"; };
		18352A7C11CFE5AA0089BE2C /* stagebg.png */ = {isa = PBXFileReference; lastKnownFileType = image.png; name = stagebg.png; path = images/stagebg.png; sourceTree = "<group>"; };
		18352A9811CFE75F0089BE2C /* en */ = {isa = PBXFileReference; lastKnownFileType = file.xib; name = en; path = en.lproj/MainWindow.xib; sourceTree = "<group>"; };
		1D30AB110D05D00D00671497 /* Foundation.framework */ = {isa = PBXFileReference; lastKnownFileType = wrapper.framework; name = Foundation.framework; path = System/Library/Frameworks/Foundation.framework; sourceTree = SDKROOT; };
		1D3623EB0D0F72F000981E51 /* CoreGraphics.framework */ = {isa = PBXFileReference; lastKnownFileType = wrapper.framework; name = CoreGraphics.framework; path = System/Library/Frameworks/CoreGraphics.framework; sourceTree = SDKROOT; };
		1D6058910D05DD3D006BFB54 /* oalTouch.app */ = {isa = PBXFileReference; explicitFileType = wrapper.application; includeInIndex = 0; path = oalTouch.app; sourceTree = BUILT_PRODUCTS_DIR; };
		1DF5F4DF0D08C38300B7A737 /* UIKit.framework */ = {isa = PBXFileReference; lastKnownFileType = wrapper.framework; name = UIKit.framework; path = System/Library/Frameworks/UIKit.framework; sourceTree = SDKROOT; };
		2BB36A311B0D3ABD0043A751 /* README.md */ = {isa = PBXFileReference; lastKnownFileType = net.daringfireball.markdown; path = README.md; sourceTree = "<group>"; };
		2BB36A321B0D46180043A751 /* Images.xcassets */ = {isa = PBXFileReference; lastKnownFileType = folder.assetcatalog; name = Images.xcassets; path = oalTouch/Images.xcassets; sourceTree = "<group>"; };
		2BC80B891B0ABD2600010E33 /* CoreMotion.framework */ = {isa = PBXFileReference; lastKnownFileType = wrapper.framework; name = CoreMotion.framework; path = System/Library/Frameworks/CoreMotion.framework; sourceTree = SDKROOT; };
		8D1107310486CEB800E47090 /* Info.plist */ = {isa = PBXFileReference; fileEncoding = 4; lastKnownFileType = text.plist.xml; path = Info.plist; sourceTree = "<group>"; };
		A192CF190DDBB6C900D03FCA /* AudioToolbox.framework */ = {isa = PBXFileReference; lastKnownFileType = wrapper.framework; name = AudioToolbox.framework; path = System/Library/Frameworks/AudioToolbox.framework; sourceTree = SDKROOT; };
		A192CF1D0DDBB6D400D03FCA /* OpenAL.framework */ = {isa = PBXFileReference; lastKnownFileType = wrapper.framework; name = OpenAL.framework; path = System/Library/Frameworks/OpenAL.framework; sourceTree = SDKROOT; };
		A1E88B180DDCA844008449A6 /* QuartzCore.framework */ = {isa = PBXFileReference; lastKnownFileType = wrapper.framework; name = QuartzCore.framework; path = System/Library/Frameworks/QuartzCore.framework; sourceTree = SDKROOT; };
		D7157BFA1B45B37300106B03 /* LICENSE.txt */ = {isa = PBXFileReference; fileEncoding = 4; lastKnownFileType = text; path = LICENSE.txt; sourceTree = "<group>"; };
		D7157BFB1B45B37300106B03 /* README2.md */ = {isa = PBXFileReference; fileEncoding = 4; lastKnownFileType = net.daringfireball.markdown; path = README2.md; sourceTree = "<group>"; };
		D749911B1BCA516300350EC1 /* en */ = {isa = PBXFileReference; lastKnownFileType = file.storyboard; name = en; path = en.lproj/LaunchScreen.storyboard; sourceTree = "<group>"; };
		D76036CE1B401CE60041DA69 /* MyOpenALSupport.swift */ = {isa = PBXFileReference; fileEncoding = 4; lastKnownFileType = sourcecode.swift; path = MyOpenALSupport.swift; sourceTree = "<group>"; };
		D76036CF1B401CE60041DA69 /* oalPlayback.swift */ = {isa = PBXFileReference; fileEncoding = 4; lastKnownFileType = sourcecode.swift; path = oalPlayback.swift; sourceTree = "<group>"; };
		D76036D01B401CE60041DA69 /* oalSpatialView.swift */ = {isa = PBXFileReference; fileEncoding = 4; lastKnownFileType = sourcecode.swift; path = oalSpatialView.swift; sourceTree = "<group>"; };
		D76036D11B401CE60041DA69 /* oalTouchAppDelegate.swift */ = {isa = PBXFileReference; fileEncoding = 4; lastKnownFileType = sourcecode.swift; path = oalTouchAppDelegate.swift; sourceTree = "<group>"; };
		D76036D71B4023C90041DA69 /* NumTypes+Conversion.swift */ = {isa = PBXFileReference; fileEncoding = 4; lastKnownFileType = sourcecode.swift; path = "NumTypes+Conversion.swift"; sourceTree = "<group>"; };
		F78602FD0DF86FCD00A013EA /* MediaPlayer.framework */ = {isa = PBXFileReference; lastKnownFileType = wrapper.framework; name = MediaPlayer.framework; path = System/Library/Frameworks/MediaPlayer.framework; sourceTree = SDKROOT; };
		F79D54840FC4B9A500350F08 /* AVFoundation.framework */ = {isa = PBXFileReference; lastKnownFileType = wrapper.framework; name = AVFoundation.framework; path = System/Library/Frameworks/AVFoundation.framework; sourceTree = SDKROOT; };
/* End PBXFileReference section */

/* Begin PBXFrameworksBuildPhase section */
		1D60588F0D05DD3D006BFB54 /* Frameworks */ = {
			isa = PBXFrameworksBuildPhase;
			buildActionMask = 2147483647;
			files = (
				2BC80B8A1B0ABD2600010E33 /* CoreMotion.framework in Frameworks */,
				1D60589F0D05DD5A006BFB54 /* Foundation.framework in Frameworks */,
				1DF5F4E00D08C38300B7A737 /* UIKit.framework in Frameworks */,
				1D3623EC0D0F72F000981E51 /* CoreGraphics.framework in Frameworks */,
				A192CF1A0DDBB6C900D03FCA /* AudioToolbox.framework in Frameworks */,
				A192CF1E0DDBB6D400D03FCA /* OpenAL.framework in Frameworks */,
				A1E88B190DDCA844008449A6 /* QuartzCore.framework in Frameworks */,
				F78602FE0DF86FCD00A013EA /* MediaPlayer.framework in Frameworks */,
				F79D54850FC4B9A500350F08 /* AVFoundation.framework in Frameworks */,
			);
			runOnlyForDeploymentPostprocessing = 0;
		};
/* End PBXFrameworksBuildPhase section */

/* Begin PBXGroup section */
		080E96DDFE201D6D7F000001 /* Classes */ = {
			isa = PBXGroup;
			children = (
				D76036CE1B401CE60041DA69 /* MyOpenALSupport.swift */,
				D76036CF1B401CE60041DA69 /* oalPlayback.swift */,
				D76036D01B401CE60041DA69 /* oalSpatialView.swift */,
				D76036D11B401CE60041DA69 /* oalTouchAppDelegate.swift */,
			);
			path = Classes;
			sourceTree = "<group>";
		};
		19C28FACFE9D520D11CA2CBB /* Products */ = {
			isa = PBXGroup;
			children = (
				1D6058910D05DD3D006BFB54 /* oalTouch.app */,
			);
			name = Products;
			sourceTree = "<group>";
		};
		29B97314FDCFA39411CA2CEA /* CustomTemplate */ = {
			isa = PBXGroup;
			children = (
				D7157BFA1B45B37300106B03 /* LICENSE.txt */,
				2BB36A311B0D3ABD0043A751 /* README.md */,
				D7157BFB1B45B37300106B03 /* README2.md */,
				080E96DDFE201D6D7F000001 /* Classes */,
				D76036D61B4023C90041DA69 /* OOPUtils */,
				29B97317FDCFA39411CA2CEA /* Resources */,
				29B97323FDCFA39411CA2CEA /* Frameworks */,
				19C28FACFE9D520D11CA2CBB /* Products */,
			);
			name = CustomTemplate;
			sourceTree = "<group>";
		};
		29B97317FDCFA39411CA2CEA /* Resources */ = {
			isa = PBXGroup;
			children = (
				2BB36A321B0D46180043A751 /* Images.xcassets */,
				18352A9711CFE75F0089BE2C /* MainWindow.xib */,
				D749911A1BCA516300350EC1 /* LaunchScreen.storyboard */,
				18352A7611CFE5AA0089BE2C /* instructions.png */,
				18352A7711CFE5AA0089BE2C /* listener.png */,
				18352A7811CFE5AA0089BE2C /* pause.png */,
				18352A7911CFE5AA0089BE2C /* play.png */,
				18352A7A11CFE5AA0089BE2C /* speaker_off.png */,
				18352A7B11CFE5AA0089BE2C /* speaker_on.png */,
				18352A7C11CFE5AA0089BE2C /* stagebg.png */,
				F79D542A0FC4B27C00350F08 /* audio */,
				8D1107310486CEB800E47090 /* Info.plist */,
			);
			name = Resources;
			sourceTree = "<group>";
		};
		29B97323FDCFA39411CA2CEA /* Frameworks */ = {
			isa = PBXGroup;
			children = (
				2BC80B891B0ABD2600010E33 /* CoreMotion.framework */,
				F79D54840FC4B9A500350F08 /* AVFoundation.framework */,
				F78602FD0DF86FCD00A013EA /* MediaPlayer.framework */,
				A1E88B180DDCA844008449A6 /* QuartzCore.framework */,
				1D3623EB0D0F72F000981E51 /* CoreGraphics.framework */,
				A192CF1D0DDBB6D400D03FCA /* OpenAL.framework */,
				A192CF190DDBB6C900D03FCA /* AudioToolbox.framework */,
				1DF5F4DF0D08C38300B7A737 /* UIKit.framework */,
				1D30AB110D05D00D00671497 /* Foundation.framework */,
			);
			name = Frameworks;
			sourceTree = "<group>";
		};
		D76036D61B4023C90041DA69 /* OOPUtils */ = {
			isa = PBXGroup;
			children = (
				D76036D71B4023C90041DA69 /* NumTypes+Conversion.swift */,
			);
			path = OOPUtils;
			sourceTree = "<group>";
		};
		F79D542A0FC4B27C00350F08 /* audio */ = {
			isa = PBXGroup;
			children = (
				18352A7011CFE5A30089BE2C /* background.m4a */,
				18352A7111CFE5A30089BE2C /* sound.caf */,
			);
			name = audio;
			sourceTree = "<group>";
		};
/* End PBXGroup section */

/* Begin PBXNativeTarget section */
		1D6058900D05DD3D006BFB54 /* oalTouch */ = {
			isa = PBXNativeTarget;
			buildConfigurationList = 1D6058960D05DD3E006BFB54 /* Build configuration list for PBXNativeTarget "oalTouch" */;
			buildPhases = (
				1D60588D0D05DD3D006BFB54 /* Resources */,
				1D60588E0D05DD3D006BFB54 /* Sources */,
				1D60588F0D05DD3D006BFB54 /* Frameworks */,
			);
			buildRules = (
			);
			dependencies = (
			);
			name = oalTouch;
			productName = oalTouch;
			productReference = 1D6058910D05DD3D006BFB54 /* oalTouch.app */;
			productType = "com.apple.product-type.application";
		};
/* End PBXNativeTarget section */

/* Begin PBXProject section */
		29B97313FDCFA39411CA2CEA /* Project object */ = {
			isa = PBXProject;
			attributes = {
				LastSwiftUpdateCheck = 0700;
				LastUpgradeCheck = 0830;
				TargetAttributes = {
					1D6058900D05DD3D006BFB54 = {
						LastSwiftMigration = 0830;
					};
				};
			};
			buildConfigurationList = C01FCF4E08A954540054247B /* Build configuration list for PBXProject "oalTouch" */;
			compatibilityVersion = "Xcode 3.2";
			developmentRegion = English;
			hasScannedForEncodings = 1;
			knownRegions = (
				English,
				Japanese,
				French,
				German,
				en,
			);
			mainGroup = 29B97314FDCFA39411CA2CEA /* CustomTemplate */;
			projectDirPath = "";
			projectRoot = "";
			targets = (
				1D6058900D05DD3D006BFB54 /* oalTouch */,
			);
		};
/* End PBXProject section */

/* Begin PBXResourcesBuildPhase section */
		1D60588D0D05DD3D006BFB54 /* Resources */ = {
			isa = PBXResourcesBuildPhase;
			buildActionMask = 2147483647;
			files = (
				18352A7211CFE5A30089BE2C /* background.m4a in Resources */,
				18352A7311CFE5A30089BE2C /* sound.caf in Resources */,
				18352A7F11CFE5AA0089BE2C /* instructions.png in Resources */,
				18352A8011CFE5AA0089BE2C /* listener.png in Resources */,
				18352A8111CFE5AA0089BE2C /* pause.png in Resources */,
				18352A8211CFE5AA0089BE2C /* play.png in Resources */,
				18352A8311CFE5AA0089BE2C /* speaker_off.png in Resources */,
				18352A8411CFE5AA0089BE2C /* speaker_on.png in Resources */,
				18352A8511CFE5AA0089BE2C /* stagebg.png in Resources */,
				D749911C1BCA516300350EC1 /* LaunchScreen.storyboard in Resources */,
				2BB36A331B0D46180043A751 /* Images.xcassets in Resources */,
				18352A9911CFE75F0089BE2C /* MainWindow.xib in Resources */,
			);
			runOnlyForDeploymentPostprocessing = 0;
		};
/* End PBXResourcesBuildPhase section */

/* Begin PBXSourcesBuildPhase section */
		1D60588E0D05DD3D006BFB54 /* Sources */ = {
			isa = PBXSourcesBuildPhase;
			buildActionMask = 2147483647;
			files = (
				D71FD3B51F086D2A003B7639 /* oalTouchAppDelegate.swift in Sources */,
				D71FD3B41F086D27003B7639 /* oalSpatialView.swift in Sources */,
				D71FD3B31F086D23003B7639 /* oalPlayback.swift in Sources */,
				D71FD3B21F086D20003B7639 /* MyOpenALSupport.swift in Sources */,
				D76036D81B4023C90041DA69 /* NumTypes+Conversion.swift in Sources */,
			);
			runOnlyForDeploymentPostprocessing = 0;
		};
/* End PBXSourcesBuildPhase section */

/* Begin PBXVariantGroup section */
		18352A9711CFE75F0089BE2C /* MainWindow.xib */ = {
			isa = PBXVariantGroup;
			children = (
				18352A9811CFE75F0089BE2C /* en */,
			);
			name = MainWindow.xib;
			sourceTree = "<group>";
		};
		D749911A1BCA516300350EC1 /* LaunchScreen.storyboard */ = {
			isa = PBXVariantGroup;
			children = (
				D749911B1BCA516300350EC1 /* en */,
			);
			name = LaunchScreen.storyboard;
			sourceTree = "<group>";
		};
/* End PBXVariantGroup section */

/* Begin XCBuildConfiguration section */
		1D6058940D05DD3E006BFB54 /* Debug */ = {
			isa = XCBuildConfiguration;
			buildSettings = {
				ALWAYS_SEARCH_USER_PATHS = NO;
				ASSETCATALOG_COMPILER_APPICON_NAME = AppIcon;
				ASSETCATALOG_COMPILER_LAUNCHIMAGE_NAME = LaunchImage;
				CLANG_ENABLE_MODULES = YES;
				COPY_PHASE_STRIP = NO;
				GCC_DYNAMIC_NO_PIC = NO;
				GCC_OPTIMIZATION_LEVEL = 0;
				GCC_PRECOMPILE_PREFIX_HEADER = YES;
				GCC_PREFIX_HEADER = oalTouch_Prefix.pch;
				INFOPLIST_FILE = Info.plist;
				LD_RUNPATH_SEARCH_PATHS = "$(inherited) @executable_path/Frameworks";
				PRODUCT_BUNDLE_IDENTIFIER = "com.example.apple-samplecode.$(PRODUCT_NAME:rfc1034identifier)$(PRODUCT_NAME:identifier)";
				PRODUCT_NAME = oalTouch;
				SWIFT_OPTIMIZATION_LEVEL = "-Onone";
				SWIFT_VERSION = 3.0;
			};
			name = Debug;
		};
		1D6058950D05DD3E006BFB54 /* Release */ = {
			isa = XCBuildConfiguration;
			buildSettings = {
				ALWAYS_SEARCH_USER_PATHS = NO;
				ASSETCATALOG_COMPILER_APPICON_NAME = AppIcon;
				ASSETCATALOG_COMPILER_LAUNCHIMAGE_NAME = LaunchImage;
				CLANG_ENABLE_MODULES = YES;
				COPY_PHASE_STRIP = YES;
				GCC_PRECOMPILE_PREFIX_HEADER = YES;
				GCC_PREFIX_HEADER = oalTouch_Prefix.pch;
				INFOPLIST_FILE = Info.plist;
				LD_RUNPATH_SEARCH_PATHS = "$(inherited) @executable_path/Frameworks";
				PRODUCT_BUNDLE_IDENTIFIER = "com.example.apple-samplecode.$(PRODUCT_NAME:rfc1034identifier)$(PRODUCT_NAME:identifier)";
				PRODUCT_NAME = oalTouch;
				SWIFT_VERSION = 3.0;
			};
			name = Release;
		};
		C01FCF4F08A954540054247B /* Debug */ = {
			isa = XCBuildConfiguration;
			buildSettings = {
				CLANG_ANALYZER_LOCALIZABILITY_NONLOCALIZED = YES;
				CLANG_WARN_BOOL_CONVERSION = YES;
				CLANG_WARN_CONSTANT_CONVERSION = YES;
				CLANG_WARN_EMPTY_BODY = YES;
				CLANG_WARN_ENUM_CONVERSION = YES;
				CLANG_WARN_INFINITE_RECURSION = YES;
				CLANG_WARN_INT_CONVERSION = YES;
				CLANG_WARN_SUSPICIOUS_MOVE = YES;
				CLANG_WARN_UNREACHABLE_CODE = YES;
				CLANG_WARN__DUPLICATE_METHOD_MATCH = YES;
				CODE_SIGN_IDENTITY = "iPhone Developer";
				ENABLE_STRICT_OBJC_MSGSEND = YES;
				ENABLE_TESTABILITY = YES;
				GCC_C_LANGUAGE_STANDARD = c99;
				GCC_NO_COMMON_BLOCKS = YES;
				GCC_WARN_64_TO_32_BIT_CONVERSION = YES;
				GCC_WARN_ABOUT_RETURN_TYPE = YES;
				GCC_WARN_UNDECLARED_SELECTOR = YES;
				GCC_WARN_UNINITIALIZED_AUTOS = YES;
				GCC_WARN_UNUSED_FUNCTION = YES;
				GCC_WARN_UNUSED_VARIABLE = YES;
				IPHONEOS_DEPLOYMENT_TARGET = 8.0;
				ONLY_ACTIVE_ARCH = YES;
				PREBINDING = NO;
				SDKROOT = iphoneos;
			};
			name = Debug;
		};
		C01FCF5008A954540054247B /* Release */ = {
			isa = XCBuildConfiguration;
			buildSettings = {
				CLANG_ANALYZER_LOCALIZABILITY_NONLOCALIZED = YES;
				CLANG_WARN_BOOL_CONVERSION = YES;
				CLANG_WARN_CONSTANT_CONVERSION = YES;
				CLANG_WARN_EMPTY_BODY = YES;
				CLANG_WARN_ENUM_CONVERSION = YES;
				CLANG_WARN_INFINITE_RECURSION = YES;
				CLANG_WARN_INT_CONVERSION = YES;
				CLANG_WARN_SUSPICIOUS_MOVE = YES;
				CLANG_WARN_UNREACHABLE_CODE = YES;
				CLANG_WARN__DUPLICATE_METHOD_MATCH = YES;
				CODE_SIGN_IDENTITY = "iPhone Developer";
				ENABLE_STRICT_OBJC_MSGSEND = YES;
				GCC_C_LANGUAGE_STANDARD = c99;
				GCC_NO_COMMON_BLOCKS = YES;
				GCC_WARN_64_TO_32_BIT_CONVERSION = YES;
				GCC_WARN_ABOUT_RETURN_TYPE = YES;
				GCC_WARN_UNDECLARED_SELECTOR = YES;
				GCC_WARN_UNINITIALIZED_AUTOS = YES;
				GCC_WARN_UNUSED_FUNCTION = YES;
				GCC_WARN_UNUSED_VARIABLE = YES;
				IPHONEOS_DEPLOYMENT_TARGET = 8.0;
				PREBINDING = NO;
				SDKROOT = iphoneos;
				SWIFT_OPTIMIZATION_LEVEL = "-Owholemodule";
			};
			name = Release;
		};
/* End XCBuildConfiguration section */

/* Begin XCConfigurationList section */
		1D6058960D05DD3E006BFB54 /* Build configuration list for PBXNativeTarget "oalTouch" */ = {
			isa = XCConfigurationList;
			buildConfigurations = (
				1D6058940D05DD3E006BFB54 /* Debug */,
				1D6058950D05DD3E006BFB54 /* Release */,
			);
			defaultConfigurationIsVisible = 0;
			defaultConfigurationName = Release;
		};
		C01FCF4E08A954540054247B /* Build configuration list for PBXProject "oalTouch" */ = {
			isa = XCConfigurationList;
			buildConfigurations = (
				C01FCF4F08A954540054247B /* Debug */,
				C01FCF5008A954540054247B /* Release */,
			);
			defaultConfigurationIsVisible = 0;
			defaultConfigurationName = Release;
		};
/* End XCConfigurationList section */
	};
	rootObject = 29B97313FDCFA39411CA2CEA /* Project object */;
}
